schema: '2.0'
stages:
  train:
    cmd: python3 src/train.py data/names/English.txt
    deps:
    - path: data/names/English.txt
      md5: 950fc1c5c1406e12f1d3c67bbb33ed66
      size: 27125
    - path: src/model.py
      md5: 82e336210ce545a22ca5e9887b28103e
      size: 2827
    - path: src/train.py
      md5: fe3ea3435735797cdbf9e90aef7a2861
      size: 2654
    params:
      params.yaml:
        train.epochs: 50
        train.learning_rate: 0.0005
    outs:
    - path: data/models/
      md5: 5870e17689697ddd9e7c6e89d328428e.dir
      size: 145159
      nfiles: 1
    - path: loss_curve.json
      md5: 75506356be3b9efc8a8fcd6b0a4531a0
      size: 4244
    - path: scores.json
      md5: 11f3d6b1ca77d70bdbbe46ca6cd9f564
      size: 40
